
Microsoft Visual Studio Solution File, Format Version 12.00
# Visual Studio Version 17
VisualStudioVersion = 17.1.32328.378
MinimumVisualStudioVersion = 10.0.40219.1
Project("{FAE04EC0-301F-11D3-BF4B-00C04F79EFBC}") = "InspectionAPI", "InspectionAPI\InspectionAPI.csproj", "{50B77A01-9CB1-447C-9168-43DDC90B8A9A}"
EndProject
Global
	GlobalSection(SolutionConfigurationPlatforms) = preSolution
		Debug|Any CPU = Debug|Any CPU
		Release|Any CPU = Release|Any CPU
	EndGlobalSection
	GlobalSection(ProjectConfigurationPlatforms) = postSolution
		{50B77A01-9CB1-447C-9168-43DDC90B8A9A}.Debug|Any CPU.ActiveCfg = Debug|Any CPU
		{50B77A01-9CB1-447C-9168-43DDC90B8A9A}.Debug|Any CPU.Build.0 = Debug|Any CPU
		{50B77A01-9CB1-447C-9168-43DDC90B8A9A}.Release|Any CPU.ActiveCfg = Release|Any CPU
		{50B77A01-9CB1-447C-9168-43DDC90B8A9A}.Release|Any CPU.Build.0 = Release|Any CPU
	EndGlobalSection
	GlobalSection(SolutionProperties) = preSolution
		HideSolutionNode = FALSE
	EndGlobalSection
	GlobalSection(ExtensibilityGlobals) = postSolution
		SolutionGuid = {43523168-5036-4476-B8A7-E49396F17B8C}
	EndGlobalSection
EndGlobal
